
Microsoft Visual Studio Solution File, Format Version 12.00
# Visual Studio Version 16
VisualStudioVersion = 16.0.30011.22
MinimumVisualStudioVersion = 10.0.40219.1
Project("{9A19103F-16F7-4668-BE54-9A1E7A4F7556}") = "BlazorCustomAuth.Web", "BlazorCustomAuth.Web\BlazorCustomAuth.Web.csproj", "{0201F53B-3283-43CF-ABF4-B9532319BE22}"
EndProject
Project("{9A19103F-16F7-4668-BE54-9A1E7A4F7556}") = "BlazorCustomAuth.Common", "BlazorCustomAuth.Common\BlazorCustomAuth.Common.csproj", "{FB65863F-C0FA-4623-AF7D-78E11778991F}"
EndProject
Project("{9A19103F-16F7-4668-BE54-9A1E7A4F7556}") = "BlazorCustomAuth.Entities", "BlazorCustomAuth.Entities\BlazorCustomAuth.Entities.csproj", "{C6B8CEAF-F378-472D-84ED-0175C0250E8C}"
EndProject
Project("{9A19103F-16F7-4668-BE54-9A1E7A4F7556}") = "BlazorCustomAuth.Repo", "BlazorCustomAuth.Repo\BlazorCustomAuth.Repo.csproj", "{B29857FE-E419-4F8E-B32D-4735A2A6138A}"
EndProject
Project("{9A19103F-16F7-4668-BE54-9A1E7A4F7556}") = "BlazorCustomAuth.Service", "BlazorCustomAuth.Service\BlazorCustomAuth.Service.csproj", "{3F01467C-1769-43E2-BEB8-9E912D6F6213}"
EndProject
Global
	GlobalSection(SolutionConfigurationPlatforms) = preSolution
		Debug|Any CPU = Debug|Any CPU
		Release|Any CPU = Release|Any CPU
	EndGlobalSection
	GlobalSection(ProjectConfigurationPlatforms) = postSolution
		{0201F53B-3283-43CF-ABF4-B9532319BE22}.Debug|Any CPU.ActiveCfg = Debug|Any CPU
		{0201F53B-3283-43CF-ABF4-B9532319BE22}.Debug|Any CPU.Build.0 = Debug|Any CPU
		{0201F53B-3283-43CF-ABF4-B9532319BE22}.Release|Any CPU.ActiveCfg = Release|Any CPU
		{0201F53B-3283-43CF-ABF4-B9532319BE22}.Release|Any CPU.Build.0 = Release|Any CPU
		{FB65863F-C0FA-4623-AF7D-78E11778991F}.Debug|Any CPU.ActiveCfg = Debug|Any CPU
		{FB65863F-C0FA-4623-AF7D-78E11778991F}.Debug|Any CPU.Build.0 = Debug|Any CPU
		{FB65863F-C0FA-4623-AF7D-78E11778991F}.Release|Any CPU.ActiveCfg = Release|Any CPU
		{FB65863F-C0FA-4623-AF7D-78E11778991F}.Release|Any CPU.Build.0 = Release|Any CPU
		{C6B8CEAF-F378-472D-84ED-0175C0250E8C}.Debug|Any CPU.ActiveCfg = Debug|Any CPU
		{C6B8CEAF-F378-472D-84ED-0175C0250E8C}.Debug|Any CPU.Build.0 = Debug|Any CPU
		{C6B8CEAF-F378-472D-84ED-0175C0250E8C}.Release|Any CPU.ActiveCfg = Release|Any CPU
		{C6B8CEAF-F378-472D-84ED-0175C0250E8C}.Release|Any CPU.Build.0 = Release|Any CPU
		{B29857FE-E419-4F8E-B32D-4735A2A6138A}.Debug|Any CPU.ActiveCfg = Debug|Any CPU
		{B29857FE-E419-4F8E-B32D-4735A2A6138A}.Debug|Any CPU.Build.0 = Debug|Any CPU
		{B29857FE-E419-4F8E-B32D-4735A2A6138A}.Release|Any CPU.ActiveCfg = Release|Any CPU
		{B29857FE-E419-4F8E-B32D-4735A2A6138A}.Release|Any CPU.Build.0 = Release|Any CPU
		{3F01467C-1769-43E2-BEB8-9E912D6F6213}.Debug|Any CPU.ActiveCfg = Debug|Any CPU
		{3F01467C-1769-43E2-BEB8-9E912D6F6213}.Debug|Any CPU.Build.0 = Debug|Any CPU
		{3F01467C-1769-43E2-BEB8-9E912D6F6213}.Release|Any CPU.ActiveCfg = Release|Any CPU
		{3F01467C-1769-43E2-BEB8-9E912D6F6213}.Release|Any CPU.Build.0 = Release|Any CPU
	EndGlobalSection
	GlobalSection(SolutionProperties) = preSolution
		HideSolutionNode = FALSE
	EndGlobalSection
	GlobalSection(ExtensibilityGlobals) = postSolution
		SolutionGuid = {E2929E31-B955-429F-BC61-878870421205}
	EndGlobalSection
EndGlobal
